# @generated - this file is auto-generated by `mise lock` https://mise.en.dev/dev-tools/mise-lock.html

[[tools.node]]
version = "25.9.0"
backend = "core:node"

[tools.node."platforms.linux-arm64"]
checksum = "sha256:8fb4283301b8c720fc9f18bffff0f659e72cc14d0cf207a3bb411808aaa73a57"
url = "https://nodejs.org/dist/v25.9.0/node-v25.9.0-linux-arm64.tar.gz"

[tools.node."platforms.linux-arm64-musl"]
checksum = "sha256:8fb4283301b8c720fc9f18bffff0f659e72cc14d0cf207a3bb411808aaa73a57"
url = "https://nodejs.org/dist/v25.9.0/node-v25.9.0-linux-arm64.tar.gz"

[tools.node."platforms.linux-x64"]
checksum = "sha256:134e55b2408448a219760fe04dc44d6851f9de8a79549021ffd870e9082d9e7b"
url = "https://nodejs.org/dist/v25.9.0/node-v25.9.0-linux-x64.tar.gz"

[tools.node."platforms.linux-x64-musl"]
checksum = "sha256:134e55b2408448a219760fe04dc44d6851f9de8a79549021ffd870e9082d9e7b"
url = "https://nodejs.org/dist/v25.9.0/node-v25.9.0-linux-x64.tar.gz"

[tools.node."platforms.macos-arm64"]
checksum = "sha256:e479f3c469d3d9303a44f00a8ea37a3788395d171bb8059c48a4bbbd2e371b59"
url = "https://nodejs.org/dist/v25.9.0/node-v25.9.0-darwin-arm64.tar.gz"

[tools.node."platforms.macos-x64"]
checksum = "sha256:7d737b53ce191142bfa1c17cfa5b070d96e84eebf76b8dd06d84981cbdc3f7e3"
url = "https://nodejs.org/dist/v25.9.0/node-v25.9.0-darwin-x64.tar.gz"

[tools.node."platforms.windows-x64"]
checksum = "sha256:929552b8305effac843ba7b4270c437aefb702fc3fbd73fcd1bffd35d4ac284e"
url = "https://nodejs.org/dist/v25.9.0/node-v25.9.0-win-x64.zip"

[[tools.pnpm]]
version = "11.0.5"
backend = "aqua:pnpm/pnpm"

[tools.pnpm."platforms.linux-arm64"]
checksum = "sha256:bc7a40cc30bdb6bc4078dc97aa427f4e4f9898c8a38005ff39c1cdaa4191d9c4"
url = "https://github.com/pnpm/pnpm/releases/download/v11.0.5/pnpm-linux-arm64.tar.gz"

[tools.pnpm."platforms.linux-arm64-musl"]
checksum = "sha256:a17d6298fd021847d663fbe7c576d2a8d26523573ea2b53b5be9ae5302af9182"
url = "https://github.com/pnpm/pnpm/releases/download/v11.0.5/pnpm-linux-arm64-musl.tar.gz"

[tools.pnpm."platforms.linux-x64"]
checksum = "sha256:c1b55f53f5344cf0e26441d97b9ee2ee3b81791503c5cbd4bb93ae1898b8d211"
url = "https://github.com/pnpm/pnpm/releases/download/v11.0.5/pnpm-linux-x64.tar.gz"

[tools.pnpm."platforms.linux-x64-musl"]
checksum = "sha256:8e073c9dd1a02096f55ee412abdc2ae131d72153c530436302e9d8ec33936ac2"
url = "https://github.com/pnpm/pnpm/releases/download/v11.0.5/pnpm-linux-x64-musl.tar.gz"

[tools.pnpm."platforms.macos-arm64"]
checksum = "sha256:24d412b2d137c6bc91e09c039b0e8ced6b5ac8f1dc9ea1881f0521cdb3bc5318"
url = "https://github.com/pnpm/pnpm/releases/download/v11.0.5/pnpm-darwin-arm64.tar.gz"

[tools.pnpm."platforms.windows-x64"]
checksum = "sha256:c79329a48a5e67bbbf73578fe0ddd5ff1fef05ed8c9ce43cfdc675d4d173fa3a"
url = "https://github.com/pnpm/pnpm/releases/download/v11.0.5/pnpm-win32-x64.zip"
